
Microsoft Visual Studio Solution File, Format Version 12.00
# Visual Studio Version 17
VisualStudioVersion = 17.7.34031.279
MinimumVisualStudioVersion = 10.0.40219.1
Project("{9A19103F-16F7-4668-BE54-9A1E7A4F7556}") = "LoginRegisterApi", "LoginRegisterApi\LoginRegisterApi.csproj", "{0A5A6201-4FB7-4C5F-9C19-ADF205D67AA7}"
EndProject
Project("{FAE04EC0-301F-11D3-BF4B-00C04F79EFBC}") = "LoginRegisterApi-Repository", "LoginRegisterApi-Repository\LoginRegisterApi-Repository.csproj", "{5A29E8ED-412A-4F77-B8A6-035BFE8DB99A}"
EndProject
Project("{FAE04EC0-301F-11D3-BF4B-00C04F79EFBC}") = "LoginRegisterApi-Services", "LoginRegisterApi-Services\LoginRegisterApi-Services.csproj", "{1533C032-F010-4438-B50A-64689E639D57}"
EndProject
Project("{FAE04EC0-301F-11D3-BF4B-00C04F79EFBC}") = "LoginRegisterApi-Entities", "LoginRegisterApi-Entities\LoginRegisterApi-Entities.csproj", "{35654B1D-4AD6-4236-AF7C-8A32E8484E68}"
EndProject
Global
	GlobalSection(SolutionConfigurationPlatforms) = preSolution
		Debug|Any CPU = Debug|Any CPU
		Release|Any CPU = Release|Any CPU
	EndGlobalSection
	GlobalSection(ProjectConfigurationPlatforms) = postSolution
		{0A5A6201-4FB7-4C5F-9C19-ADF205D67AA7}.Debug|Any CPU.ActiveCfg = Debug|Any CPU
		{0A5A6201-4FB7-4C5F-9C19-ADF205D67AA7}.Debug|Any CPU.Build.0 = Debug|Any CPU
		{0A5A6201-4FB7-4C5F-9C19-ADF205D67AA7}.Release|Any CPU.ActiveCfg = Release|Any CPU
		{0A5A6201-4FB7-4C5F-9C19-ADF205D67AA7}.Release|Any CPU.Build.0 = Release|Any CPU
		{5A29E8ED-412A-4F77-B8A6-035BFE8DB99A}.Debug|Any CPU.ActiveCfg = Debug|Any CPU
		{5A29E8ED-412A-4F77-B8A6-035BFE8DB99A}.Debug|Any CPU.Build.0 = Debug|Any CPU
		{5A29E8ED-412A-4F77-B8A6-035BFE8DB99A}.Release|Any CPU.ActiveCfg = Release|Any CPU
		{5A29E8ED-412A-4F77-B8A6-035BFE8DB99A}.Release|Any CPU.Build.0 = Release|Any CPU
		{1533C032-F010-4438-B50A-64689E639D57}.Debug|Any CPU.ActiveCfg = Debug|Any CPU
		{1533C032-F010-4438-B50A-64689E639D57}.Debug|Any CPU.Build.0 = Debug|Any CPU
		{1533C032-F010-4438-B50A-64689E639D57}.Release|Any CPU.ActiveCfg = Release|Any CPU
		{1533C032-F010-4438-B50A-64689E639D57}.Release|Any CPU.Build.0 = Release|Any CPU
		{35654B1D-4AD6-4236-AF7C-8A32E8484E68}.Debug|Any CPU.ActiveCfg = Debug|Any CPU
		{35654B1D-4AD6-4236-AF7C-8A32E8484E68}.Debug|Any CPU.Build.0 = Debug|Any CPU
		{35654B1D-4AD6-4236-AF7C-8A32E8484E68}.Release|Any CPU.ActiveCfg = Release|Any CPU
		{35654B1D-4AD6-4236-AF7C-8A32E8484E68}.Release|Any CPU.Build.0 = Release|Any CPU
	EndGlobalSection
	GlobalSection(SolutionProperties) = preSolution
		HideSolutionNode = FALSE
	EndGlobalSection
	GlobalSection(ExtensibilityGlobals) = postSolution
		SolutionGuid = {7147CF01-6C57-49F1-8B36-BD553389CE10}
	EndGlobalSection
EndGlobal
